# THIS IS AN AUTOGENERATED FILE. DO NOT EDIT THIS FILE DIRECTLY.
# yarn lockfile v1


align-text@^0.1.1, align-text@^0.1.3:
  version "0.1.4"
  resolved "https://registry.yarnpkg.com/align-text/-/align-text-0.1.4.tgz#0cd90a561093f35d0a99256c22b7069433fad117"
  dependencies:
    kind-of "^3.0.2"
    longest "^1.0.1"
    repeat-string "^1.5.2"

amdefine@>=0.0.4:
  version "1.0.1"
  resolved "https://registry.yarnpkg.com/amdefine/-/amdefine-1.0.1.tgz#4a5282ac164729e93619bcfd3ad151f817ce91f5"

ansi-escape-sequences@^4.0.0:
  version "4.0.0"
  resolved "https://registry.yarnpkg.com/ansi-escape-sequences/-/ansi-escape-sequences-4.0.0.tgz#e0ecb042958b71e42942d35c1fcf1d9b00a0f67e"
  dependencies:
    array-back "^2.0.0"

ansi-escapes@^1.0.0:
  version "1.4.0"
  resolved "https://registry.yarnpkg.com/ansi-escapes/-/ansi-escapes-1.4.0.tgz#d3a8a83b319aa67793662b13e761c7911422306e"

ansi-escapes@^3.0.0:
  version "3.0.0"
  resolved "https://registry.yarnpkg.com/ansi-escapes/-/ansi-escapes-3.0.0.tgz#ec3e8b4e9f8064fc02c3ac9b65f1c275bda8ef92"

ansi-regex@^2.0.0:
  version "2.1.1"
  resolved "https://registry.yarnpkg.com/ansi-regex/-/ansi-regex-2.1.1.tgz#c3b33ab5ee360d86e0e628f0468ae7ef27d654df"

ansi-regex@^3.0.0:
  version "3.0.0"
  resolved "https://registry.yarnpkg.com/ansi-regex/-/ansi-regex-3.0.0.tgz#ed0317c322064f79466c02966bddb605ab37d998"

ansi-styles@^2.2.1:
  version "2.2.1"
  resolved "https://registry.yarnpkg.com/ansi-styles/-/ansi-styles-2.2.1.tgz#b432dd3358b634cf75e1e4664368240533c1ddbe"

ansi-styles@^3.1.0, ansi-styles@^3.2.0:
  version "3.2.0"
  resolved "https://registry.yarnpkg.com/ansi-styles/-/ansi-styles-3.2.0.tgz#c159b8d5be0f9e5a6f346dab94f16ce022161b88"
  dependencies:
    color-convert "^1.9.0"

any-observable@^0.2.0:
  version "0.2.0"
  resolved "https://registry.yarnpkg.com/any-observable/-/any-observable-0.2.0.tgz#c67870058003579009083f54ac0abafb5c33d242"

app-root-path@^2.0.0:
  version "2.0.1"
  resolved "https://registry.yarnpkg.com/app-root-path/-/app-root-path-2.0.1.tgz#cd62dcf8e4fd5a417efc664d2e5b10653c651b46"

argparse@^1.0.7:
  version "1.0.9"
  resolved "https://registry.yarnpkg.com/argparse/-/argparse-1.0.9.tgz#73d83bc263f86e97f8cc4f6bae1b0e90a7d22c86"
  dependencies:
    sprintf-js "~1.0.2"

argv-tools@^0.1.1:
  version "0.1.1"
  resolved "https://registry.yarnpkg.com/argv-tools/-/argv-tools-0.1.1.tgz#588283f3393ada47141440b12981cd41bf6b7032"
  dependencies:
    array-back "^2.0.0"
    find-replace "^2.0.1"

array-back@^1.0.2, array-back@^1.0.3, array-back@^1.0.4:
  version "1.0.4"
  resolved "https://registry.yarnpkg.com/array-back/-/array-back-1.0.4.tgz#644ba7f095f7ffcf7c43b5f0dc39d3c1f03c063b"
  dependencies:
    typical "^2.6.0"

array-back@^2.0.0:
  version "2.0.0"
  resolved "https://registry.yarnpkg.com/array-back/-/array-back-2.0.0.tgz#6877471d51ecc9c9bfa6136fb6c7d5fe69748022"
  dependencies:
    typical "^2.6.1"

async@^1.4.0:
  version "1.5.2"
  resolved "https://registry.yarnpkg.com/async/-/async-1.5.2.tgz#ec6a61ae56480c0c3cb241c95618e20892f9672a"

babylon@7.0.0-beta.19:
  version "7.0.0-beta.19"
  resolved "https://registry.yarnpkg.com/babylon/-/babylon-7.0.0-beta.19.tgz#e928c7e807e970e0536b078ab3e0c48f9e052503"

balanced-match@^1.0.0:
  version "1.0.0"
  resolved "https://registry.yarnpkg.com/balanced-match/-/balanced-match-1.0.0.tgz#89b4d199ab2bee49de164ea02b89ce462d71b767"

bluebird@~3.5.0:
  version "3.5.1"
  resolved "https://registry.yarnpkg.com/bluebird/-/bluebird-3.5.1.tgz#d9551f9de98f1fcda1e683d17ee91a0602ee2eb9"

brace-expansion@^1.1.7:
  version "1.1.8"
  resolved "https://registry.yarnpkg.com/brace-expansion/-/brace-expansion-1.1.8.tgz#c07b211c7c952ec1f8efd51a77ef0d1d3990a292"
  dependencies:
    balanced-match "^1.0.0"
    concat-map "0.0.1"

cache-point@^0.4.1:
  version "0.4.1"
  resolved "https://registry.yarnpkg.com/cache-point/-/cache-point-0.4.1.tgz#cc8c9cbd99d90d7b0c66910cd33d77a1aab8840e"
  dependencies:
    array-back "^2.0.0"
    fs-then-native "^2.0.0"
    mkdirp2 "^1.0.3"

camelcase@^1.0.2:
  version "1.2.1"
  resolved "https://registry.yarnpkg.com/camelcase/-/camelcase-1.2.1.tgz#9bb5304d2e0b56698b2c758b08a3eaa9daa58a39"

catharsis@~0.8.9:
  version "0.8.9"
  resolved "https://registry.yarnpkg.com/catharsis/-/catharsis-0.8.9.tgz#98cc890ca652dd2ef0e70b37925310ff9e90fc8b"
  dependencies:
    underscore-contrib "~0.3.0"

center-align@^0.1.1:
  version "0.1.3"
  resolved "https://registry.yarnpkg.com/center-align/-/center-align-0.1.3.tgz#aa0d32629b6ee972200411cbd4461c907bc2b7ad"
  dependencies:
    align-text "^0.1.3"
    lazy-cache "^1.0.3"

chalk@^1.0.0, chalk@^1.1.1, chalk@^1.1.3:
  version "1.1.3"
  resolved "https://registry.yarnpkg.com/chalk/-/chalk-1.1.3.tgz#a8115c55e4a702fe4d150abd3872822a7e09fc98"
  dependencies:
    ansi-styles "^2.2.1"
    escape-string-regexp "^1.0.2"
    has-ansi "^2.0.0"
    strip-ansi "^3.0.0"
    supports-color "^2.0.0"

chalk@^2.0.1, chalk@^2.1.0:
  version "2.1.0"
  resolved "https://registry.yarnpkg.com/chalk/-/chalk-2.1.0.tgz#ac5becf14fa21b99c6c92ca7a7d7cfd5b17e743e"
  dependencies:
    ansi-styles "^3.1.0"
    escape-string-regexp "^1.0.5"
    supports-color "^4.0.0"

ci-info@^1.0.0:
  version "1.1.1"
  resolved "https://registry.yarnpkg.com/ci-info/-/ci-info-1.1.1.tgz#47b44df118c48d2597b56d342e7e25791060171a"

cli-cursor@^1.0.2:
  version "1.0.2"
  resolved "https://registry.yarnpkg.com/cli-cursor/-/cli-cursor-1.0.2.tgz#64da3f7d56a54412e59794bd62dc35295e8f2987"
  dependencies:
    restore-cursor "^1.0.1"

cli-spinners@^0.1.2:
  version "0.1.2"
  resolved "https://registry.yarnpkg.com/cli-spinners/-/cli-spinners-0.1.2.tgz#bb764d88e185fb9e1e6a2a1f19772318f605e31c"

cli-truncate@^0.2.1:
  version "0.2.1"
  resolved "https://registry.yarnpkg.com/cli-truncate/-/cli-truncate-0.2.1.tgz#9f15cfbb0705005369216c626ac7d05ab90dd574"
  dependencies:
    slice-ansi "0.0.4"
    string-width "^1.0.1"

cliui@^2.1.0:
  version "2.1.0"
  resolved "https://registry.yarnpkg.com/cliui/-/cliui-2.1.0.tgz#4b475760ff80264c762c3a1719032e91c7fea0d1"
  dependencies:
    center-align "^0.1.1"
    right-align "^0.1.1"
    wordwrap "0.0.2"

code-point-at@^1.0.0:
  version "1.1.0"
  resolved "https://registry.yarnpkg.com/code-point-at/-/code-point-at-1.1.0.tgz#0d070b4d043a5bea33a2f1a40e2edb3d9a4ccf77"

collect-all@^1.0.3:
  version "1.0.3"
  resolved "https://registry.yarnpkg.com/collect-all/-/collect-all-1.0.3.tgz#1abcc20448b58a1447487fcf34130e9512b0acf8"
  dependencies:
    stream-connect "^1.0.2"
    stream-via "^1.0.4"

color-convert@^1.9.0:
  version "1.9.0"
  resolved "https://registry.yarnpkg.com/color-convert/-/color-convert-1.9.0.tgz#1accf97dd739b983bf994d56fec8f95853641b7a"
  dependencies:
    color-name "^1.1.1"

color-name@^1.1.1:
  version "1.1.3"
  resolved "https://registry.yarnpkg.com/color-name/-/color-name-1.1.3.tgz#a7d0558bd89c42f795dd42328f740831ca53bc25"

command-line-args@^5.0.0:
  version "5.0.1"
  resolved "https://registry.yarnpkg.com/command-line-args/-/command-line-args-5.0.1.tgz#1610ba1a30b566081ce3f51268c1888c058587bd"
  dependencies:
    argv-tools "^0.1.1"
    array-back "^2.0.0"
    find-replace "^2.0.1"
    lodash.camelcase "^4.3.0"
    typical "^2.6.1"

command-line-tool@^0.8.0:
  version "0.8.0"
  resolved "https://registry.yarnpkg.com/command-line-tool/-/command-line-tool-0.8.0.tgz#b00290ef1dfc11cc731dd1f43a92cfa5f21e715b"
  dependencies:
    ansi-escape-sequences "^4.0.0"
    array-back "^2.0.0"
    command-line-args "^5.0.0"
    command-line-usage "^4.1.0"
    typical "^2.6.1"

command-line-usage@^4.1.0:
  version "4.1.0"
  resolved "https://registry.yarnpkg.com/command-line-usage/-/command-line-usage-4.1.0.tgz#a6b3b2e2703b4dcf8bd46ae19e118a9a52972882"
  dependencies:
    ansi-escape-sequences "^4.0.0"
    array-back "^2.0.0"
    table-layout "^0.4.2"
    typical "^2.6.1"

commander@^2.11.0:
  version "2.12.2"
  resolved "https://registry.yarnpkg.com/commander/-/commander-2.12.2.tgz#0f5946c427ed9ec0d91a46bb9def53e54650e555"

commander@^2.9.0:
  version "2.11.0"
  resolved "https://registry.yarnpkg.com/commander/-/commander-2.11.0.tgz#157152fd1e7a6c8d98a5b715cf376df928004563"

common-sequence@^1.0.2:
  version "1.0.2"
  resolved "https://registry.yarnpkg.com/common-sequence/-/common-sequence-1.0.2.tgz#30e07f3f8f6f7f9b3dee854f20b2d39eee086de8"

concat-map@0.0.1:
  version "0.0.1"
  resolved "https://registry.yarnpkg.com/concat-map/-/concat-map-0.0.1.tgz#d8a96bd77fd68df7793a73036a3ba0d5405d477b"

config-master@^3.1.0:
  version "3.1.0"
  resolved "https://registry.yarnpkg.com/config-master/-/config-master-3.1.0.tgz#667663590505a283bf26a484d68489d74c5485da"
  dependencies:
    walk-back "^2.0.1"

cosmiconfig@^4.0.0:
  version "4.0.0"
  resolved "https://registry.yarnpkg.com/cosmiconfig/-/cosmiconfig-4.0.0.tgz#760391549580bbd2df1e562bc177b13c290972dc"
  dependencies:
    is-directory "^0.3.1"
    js-yaml "^3.9.0"
    parse-json "^4.0.0"
    require-from-string "^2.0.1"

cross-spawn@^5.0.1, cross-spawn@^5.1.0:
  version "5.1.0"
  resolved "https://registry.yarnpkg.com/cross-spawn/-/cross-spawn-5.1.0.tgz#e8bd0efee58fcff6f8f94510a0a554bbfa235449"
  dependencies:
    lru-cache "^4.0.1"
    shebang-command "^1.2.0"
    which "^1.2.9"

date-fns@^1.27.2:
  version "1.28.5"
  resolved "https://registry.yarnpkg.com/date-fns/-/date-fns-1.28.5.tgz#257cfc45d322df45ef5658665967ee841cd73faf"

debug@^3.1.0:
  version "3.1.0"
  resolved "https://registry.yarnpkg.com/debug/-/debug-3.1.0.tgz#5bb5a0672628b64149566ba16819e61518c67261"
  dependencies:
    ms "2.0.0"

decamelize@^1.0.0:
  version "1.2.0"
  resolved "https://registry.yarnpkg.com/decamelize/-/decamelize-1.2.0.tgz#f6534d15148269b20352e7bee26f501f9a191290"

dedent@^0.7.0:
  version "0.7.0"
  resolved "https://registry.yarnpkg.com/dedent/-/dedent-0.7.0.tgz#2495ddbaf6eb874abb0e1be9df22d2e5a544326c"

deep-extend@~0.5.0:
  version "0.5.0"
  resolved "https://registry.yarnpkg.com/deep-extend/-/deep-extend-0.5.0.tgz#6ef4a09b05f98b0e358d6d93d4ca3caec6672803"

dmd@^3.0.10:
  version "3.0.10"
  resolved "https://registry.yarnpkg.com/dmd/-/dmd-3.0.10.tgz#fa72e1150e2aba1ffe35fe2d5d4b7716cce8344b"
  dependencies:
    array-back "^2.0.0"
    cache-point "^0.4.1"
    common-sequence "^1.0.2"
    file-set "^1.1.1"
    handlebars "^4.0.11"
    marked "^0.3.12"
    object-get "^2.1.0"
    reduce-flatten "^1.0.1"
    reduce-unique "^1.0.0"
    reduce-without "^1.0.1"
    test-value "^3.0.0"
    walk-back "^3.0.0"

elegant-spinner@^1.0.1:
  version "1.0.1"
  resolved "https://registry.yarnpkg.com/elegant-spinner/-/elegant-spinner-1.0.1.tgz#db043521c95d7e303fd8f345bedc3349cfb0729e"

error-ex@^1.3.1:
  version "1.3.1"
  resolved "https://registry.yarnpkg.com/error-ex/-/error-ex-1.3.1.tgz#f855a86ce61adc4e8621c3cda21e7a7612c3a8dc"
  dependencies:
    is-arrayish "^0.2.1"

escape-string-regexp@^1.0.2, escape-string-regexp@^1.0.5, escape-string-regexp@~1.0.5:
  version "1.0.5"
  resolved "https://registry.yarnpkg.com/escape-string-regexp/-/escape-string-regexp-1.0.5.tgz#1b61c0562190a8dff6ae3bb2cf0200ca130b86d4"

esprima@^4.0.0:
  version "4.0.0"
  resolved "https://registry.yarnpkg.com/esprima/-/esprima-4.0.0.tgz#4499eddcd1110e0b218bacf2fa7f7f59f55ca804"

execa@^0.8.0:
  version "0.8.0"
  resolved "https://registry.yarnpkg.com/execa/-/execa-0.8.0.tgz#d8d76bbc1b55217ed190fd6dd49d3c774ecfc8da"
  dependencies:
    cross-spawn "^5.0.1"
    get-stream "^3.0.0"
    is-stream "^1.1.0"
    npm-run-path "^2.0.0"
    p-finally "^1.0.0"
    signal-exit "^3.0.0"
    strip-eof "^1.0.0"

exit-hook@^1.0.0:
  version "1.1.1"
  resolved "https://registry.yarnpkg.com/exit-hook/-/exit-hook-1.1.1.tgz#f05ca233b48c05d54fff07765df8507e95c02ff8"

figures@^1.7.0:
  version "1.7.0"
  resolved "https://registry.yarnpkg.com/figures/-/figures-1.7.0.tgz#cbe1e3affcf1cd44b80cadfed28dc793a9701d2e"
  dependencies:
    escape-string-regexp "^1.0.5"
    object-assign "^4.1.0"

file-set@^1.1.1:
  version "1.1.1"
  resolved "https://registry.yarnpkg.com/file-set/-/file-set-1.1.1.tgz#d3ec70c080ec8f18f204ba1de106780c9056926b"
  dependencies:
    array-back "^1.0.3"
    glob "^7.1.0"

find-parent-dir@^0.3.0:
  version "0.3.0"
  resolved "https://registry.yarnpkg.com/find-parent-dir/-/find-parent-dir-0.3.0.tgz#33c44b429ab2b2f0646299c5f9f718f376ff8d54"

find-replace@^2.0.1:
  version "2.0.1"
  resolved "https://registry.yarnpkg.com/find-replace/-/find-replace-2.0.1.tgz#6d9683a7ca20f8f9aabeabad07e4e2580f528550"
  dependencies:
    array-back "^2.0.0"
    test-value "^3.0.0"

fs-then-native@^2.0.0:
  version "2.0.0"
  resolved "https://registry.yarnpkg.com/fs-then-native/-/fs-then-native-2.0.0.tgz#19a124d94d90c22c8e045f2e8dd6ebea36d48c67"

fs.realpath@^1.0.0:
  version "1.0.0"
  resolved "https://registry.yarnpkg.com/fs.realpath/-/fs.realpath-1.0.0.tgz#1504ad2523158caa40db4a2787cb01411994ea4f"

get-own-enumerable-property-symbols@^1.0.1:
  version "1.0.1"
  resolved "https://registry.yarnpkg.com/get-own-enumerable-property-symbols/-/get-own-enumerable-property-symbols-1.0.1.tgz#f1d4e3ad1402e039898e56d1e9b9aa924c26e484"

get-stream@^3.0.0:
  version "3.0.0"
  resolved "https://registry.yarnpkg.com/get-stream/-/get-stream-3.0.0.tgz#8e943d1358dc37555054ecbe2edb05aa174ede14"

glob@^7.1.0:
  version "7.1.2"
  resolved "https://registry.yarnpkg.com/glob/-/glob-7.1.2.tgz#c19c9df9a028702d678612384a6552404c636d15"
  dependencies:
    fs.realpath "^1.0.0"
    inflight "^1.0.4"
    inherits "2"
    minimatch "^3.0.4"
    once "^1.3.0"
    path-is-absolute "^1.0.0"

graceful-fs@^4.1.9:
  version "4.1.11"
  resolved "https://registry.yarnpkg.com/graceful-fs/-/graceful-fs-4.1.11.tgz#0e8bdfe4d1ddb8854d64e04ea7c00e2a026e5658"

handlebars@^4.0.11:
  version "4.0.11"
  resolved "https://registry.yarnpkg.com/handlebars/-/handlebars-4.0.11.tgz#630a35dfe0294bc281edae6ffc5d329fc7982dcc"
  dependencies:
    async "^1.4.0"
    optimist "^0.6.1"
    source-map "^0.4.4"
  optionalDependencies:
    uglify-js "^2.6"

has-ansi@^2.0.0:
  version "2.0.0"
  resolved "https://registry.yarnpkg.com/has-ansi/-/has-ansi-2.0.0.tgz#34f5049ce1ecdf2b0649af3ef24e45ed35416d91"
  dependencies:
    ansi-regex "^2.0.0"

has-flag@^2.0.0:
  version "2.0.0"
  resolved "https://registry.yarnpkg.com/has-flag/-/has-flag-2.0.0.tgz#e8207af1cc7b30d446cc70b734b5e8be18f88d51"

husky@^0.14.3:
  version "0.14.3"
  resolved "https://registry.yarnpkg.com/husky/-/husky-0.14.3.tgz#c69ed74e2d2779769a17ba8399b54ce0b63c12c3"
  dependencies:
    is-ci "^1.0.10"
    normalize-path "^1.0.0"
    strip-indent "^2.0.0"

indent-string@^2.1.0:
  version "2.1.0"
  resolved "https://registry.yarnpkg.com/indent-string/-/indent-string-2.1.0.tgz#8e2d48348742121b4a8218b7a137e9a52049dc80"
  dependencies:
    repeating "^2.0.0"

indent-string@^3.0.0:
  version "3.2.0"
  resolved "https://registry.yarnpkg.com/indent-string/-/indent-string-3.2.0.tgz#4a5fd6d27cc332f37e5419a504dbb837105c9289"

inflight@^1.0.4:
  version "1.0.6"
  resolved "https://registry.yarnpkg.com/inflight/-/inflight-1.0.6.tgz#49bd6331d7d02d0c09bc910a1075ba8165b56df9"
  dependencies:
    once "^1.3.0"
    wrappy "1"

inherits@2:
  version "2.0.3"
  resolved "https://registry.yarnpkg.com/inherits/-/inherits-2.0.3.tgz#633c2c83e3da42a502f52466022480f4208261de"

is-arrayish@^0.2.1:
  version "0.2.1"
  resolved "https://registry.yarnpkg.com/is-arrayish/-/is-arrayish-0.2.1.tgz#77c99840527aa8ecb1a8ba697b80645a7a926a9d"

is-buffer@^1.1.5:
  version "1.1.6"
  resolved "https://registry.yarnpkg.com/is-buffer/-/is-buffer-1.1.6.tgz#efaa2ea9daa0d7ab2ea13a97b2b8ad51fefbe8be"

is-ci@^1.0.10:
  version "1.0.10"
  resolved "https://registry.yarnpkg.com/is-ci/-/is-ci-1.0.10.tgz#f739336b2632365061a9d48270cd56ae3369318e"
  dependencies:
    ci-info "^1.0.0"

is-directory@^0.3.1:
  version "0.3.1"
  resolved "https://registry.yarnpkg.com/is-directory/-/is-directory-0.3.1.tgz#61339b6f2475fc772fd9c9d83f5c8575dc154ae1"

is-extglob@^2.1.1:
  version "2.1.1"
  resolved "https://registry.yarnpkg.com/is-extglob/-/is-extglob-2.1.1.tgz#a88c02535791f02ed37c76a1b9ea9773c833f8c2"

is-finite@^1.0.0:
  version "1.0.2"
  resolved "https://registry.yarnpkg.com/is-finite/-/is-finite-1.0.2.tgz#cc6677695602be550ef11e8b4aa6305342b6d0aa"
  dependencies:
    number-is-nan "^1.0.0"

is-fullwidth-code-point@^1.0.0:
  version "1.0.0"
  resolved "https://registry.yarnpkg.com/is-fullwidth-code-point/-/is-fullwidth-code-point-1.0.0.tgz#ef9e31386f031a7f0d643af82fde50c457ef00cb"
  dependencies:
    number-is-nan "^1.0.0"

is-glob@^4.0.0:
  version "4.0.0"
  resolved "https://registry.yarnpkg.com/is-glob/-/is-glob-4.0.0.tgz#9521c76845cc2610a85203ddf080a958c2ffabc0"
  dependencies:
    is-extglob "^2.1.1"

is-obj@^1.0.1:
  version "1.0.1"
  resolved "https://registry.yarnpkg.com/is-obj/-/is-obj-1.0.1.tgz#3e4729ac1f5fde025cd7d83a896dab9f4f67db0f"

is-observable@^0.2.0:
  version "0.2.0"
  resolved "https://registry.yarnpkg.com/is-observable/-/is-observable-0.2.0.tgz#b361311d83c6e5d726cabf5e250b0237106f5ae2"
  dependencies:
    symbol-observable "^0.2.2"

is-promise@^2.1.0:
  version "2.1.0"
  resolved "https://registry.yarnpkg.com/is-promise/-/is-promise-2.1.0.tgz#79a2a9ece7f096e80f36d2b2f3bc16c1ff4bf3fa"

is-regexp@^1.0.0:
  version "1.0.0"
  resolved "https://registry.yarnpkg.com/is-regexp/-/is-regexp-1.0.0.tgz#fd2d883545c46bac5a633e7b9a09e87fa2cb5069"

is-stream@^1.1.0:
  version "1.1.0"
  resolved "https://registry.yarnpkg.com/is-stream/-/is-stream-1.1.0.tgz#12d4a3dd4e68e0b79ceb8dbc84173ae80d91ca44"

isexe@^2.0.0:
  version "2.0.0"
  resolved "https://registry.yarnpkg.com/isexe/-/isexe-2.0.0.tgz#e8fbf374dc556ff8947a10dcb0572d633f2cfa10"

jest-get-type@^21.2.0:
  version "21.2.0"
  resolved "https://registry.yarnpkg.com/jest-get-type/-/jest-get-type-21.2.0.tgz#f6376ab9db4b60d81e39f30749c6c466f40d4a23"

jest-validate@^21.1.0:
  version "21.2.1"
  resolved "https://registry.yarnpkg.com/jest-validate/-/jest-validate-21.2.1.tgz#cc0cbca653cd54937ba4f2a111796774530dd3c7"
  dependencies:
    chalk "^2.0.1"
    jest-get-type "^21.2.0"
    leven "^2.1.0"
    pretty-format "^21.2.1"

js-yaml@^3.9.0:
  version "3.10.0"
  resolved "https://registry.yarnpkg.com/js-yaml/-/js-yaml-3.10.0.tgz#2e78441646bd4682e963f22b6e92823c309c62dc"
  dependencies:
    argparse "^1.0.7"
    esprima "^4.0.0"

js2xmlparser@~3.0.0:
  version "3.0.0"
  resolved "https://registry.yarnpkg.com/js2xmlparser/-/js2xmlparser-3.0.0.tgz#3fb60eaa089c5440f9319f51760ccd07e2499733"
  dependencies:
    xmlcreate "^1.0.1"

jsdoc-api@^4.0.1:
  version "4.0.1"
  resolved "https://registry.yarnpkg.com/jsdoc-api/-/jsdoc-api-4.0.1.tgz#357c901f93fe0011e0090d3c596c6223110e9aa9"
  dependencies:
    array-back "^2.0.0"
    cache-point "^0.4.1"
    collect-all "^1.0.3"
    file-set "^1.1.1"
    fs-then-native "^2.0.0"
    jsdoc "~3.5.5"
    object-to-spawn-args "^1.1.1"
    temp-path "^1.0.0"
    walk-back "^3.0.0"

jsdoc-parse@^3.0.1:
  version "3.0.1"
  resolved "https://registry.yarnpkg.com/jsdoc-parse/-/jsdoc-parse-3.0.1.tgz#1194d6a16a2dfbe5fb8cccfeb5058ea808759893"
  dependencies:
    array-back "^2.0.0"
    lodash.omit "^4.5.0"
    lodash.pick "^4.4.0"
    reduce-extract "^1.0.0"
    sort-array "^2.0.0"
    test-value "^3.0.0"

jsdoc-to-markdown@^4.0.1:
  version "4.0.1"
  resolved "https://registry.yarnpkg.com/jsdoc-to-markdown/-/jsdoc-to-markdown-4.0.1.tgz#247f7d977ecc209428972ec92ca14bd4e610355d"
  dependencies:
    array-back "^2.0.0"
    command-line-tool "^0.8.0"
    config-master "^3.1.0"
    dmd "^3.0.10"
    jsdoc-api "^4.0.1"
    jsdoc-parse "^3.0.1"
    walk-back "^3.0.0"

jsdoc@~3.5.5:
  version "3.5.5"
  resolved "https://registry.yarnpkg.com/jsdoc/-/jsdoc-3.5.5.tgz#484521b126e81904d632ff83ec9aaa096708fa4d"
  dependencies:
    babylon "7.0.0-beta.19"
    bluebird "~3.5.0"
    catharsis "~0.8.9"
    escape-string-regexp "~1.0.5"
    js2xmlparser "~3.0.0"
    klaw "~2.0.0"
    marked "~0.3.6"
    mkdirp "~0.5.1"
    requizzle "~0.2.1"
    strip-json-comments "~2.0.1"
    taffydb "2.6.2"
    underscore "~1.8.3"

json-parse-better-errors@^1.0.1:
  version "1.0.1"
  resolved "https://registry.yarnpkg.com/json-parse-better-errors/-/json-parse-better-errors-1.0.1.tgz#50183cd1b2d25275de069e9e71b467ac9eab973a"

kind-of@^3.0.2:
  version "3.2.2"
  resolved "https://registry.yarnpkg.com/kind-of/-/kind-of-3.2.2.tgz#31ea21a734bab9bbb0f32466d893aea51e4a3c64"
  dependencies:
    is-buffer "^1.1.5"

klaw@~2.0.0:
  version "2.0.0"
  resolved "https://registry.yarnpkg.com/klaw/-/klaw-2.0.0.tgz#59c128e0dc5ce410201151194eeb9cbf858650f6"
  dependencies:
    graceful-fs "^4.1.9"

lazy-cache@^1.0.3:
  version "1.0.4"
  resolved "https://registry.yarnpkg.com/lazy-cache/-/lazy-cache-1.0.4.tgz#a1d78fc3a50474cb80845d3b3b6e1da49a446e8e"

leven@^2.1.0:
  version "2.1.0"
  resolved "https://registry.yarnpkg.com/leven/-/leven-2.1.0.tgz#c2e7a9f772094dee9d34202ae8acce4687875580"

lint-staged@^6.0.1:
  version "6.0.1"
  resolved "https://registry.yarnpkg.com/lint-staged/-/lint-staged-6.0.1.tgz#855f2993ab4a265430e2fd9828427e648d65e6b4"
  dependencies:
    app-root-path "^2.0.0"
    chalk "^2.1.0"
    commander "^2.11.0"
    cosmiconfig "^4.0.0"
    debug "^3.1.0"
    dedent "^0.7.0"
    execa "^0.8.0"
    find-parent-dir "^0.3.0"
    is-glob "^4.0.0"
    jest-validate "^21.1.0"
    listr "^0.13.0"
    lodash "^4.17.4"
    log-symbols "^2.0.0"
    minimatch "^3.0.0"
    npm-which "^3.0.1"
    p-map "^1.1.1"
    path-is-inside "^1.0.2"
    pify "^3.0.0"
    staged-git-files "0.0.4"
    stringify-object "^3.2.0"

listr-silent-renderer@^1.1.1:
  version "1.1.1"
  resolved "https://registry.yarnpkg.com/listr-silent-renderer/-/listr-silent-renderer-1.1.1.tgz#924b5a3757153770bf1a8e3fbf74b8bbf3f9242e"

listr-update-renderer@^0.4.0:
  version "0.4.0"
  resolved "https://registry.yarnpkg.com/listr-update-renderer/-/listr-update-renderer-0.4.0.tgz#344d980da2ca2e8b145ba305908f32ae3f4cc8a7"
  dependencies:
    chalk "^1.1.3"
    cli-truncate "^0.2.1"
    elegant-spinner "^1.0.1"
    figures "^1.7.0"
    indent-string "^3.0.0"
    log-symbols "^1.0.2"
    log-update "^1.0.2"
    strip-ansi "^3.0.1"

listr-verbose-renderer@^0.4.0:
  version "0.4.0"
  resolved "https://registry.yarnpkg.com/listr-verbose-renderer/-/listr-verbose-renderer-0.4.0.tgz#44dc01bb0c34a03c572154d4d08cde9b1dc5620f"
  dependencies:
    chalk "^1.1.3"
    cli-cursor "^1.0.2"
    date-fns "^1.27.2"
    figures "^1.7.0"

listr@^0.13.0:
  version "0.13.0"
  resolved "https://registry.yarnpkg.com/listr/-/listr-0.13.0.tgz#20bb0ba30bae660ee84cc0503df4be3d5623887d"
  dependencies:
    chalk "^1.1.3"
    cli-truncate "^0.2.1"
    figures "^1.7.0"
    indent-string "^2.1.0"
    is-observable "^0.2.0"
    is-promise "^2.1.0"
    is-stream "^1.1.0"
    listr-silent-renderer "^1.1.1"
    listr-update-renderer "^0.4.0"
    listr-verbose-renderer "^0.4.0"
    log-symbols "^1.0.2"
    log-update "^1.0.2"
    ora "^0.2.3"
    p-map "^1.1.1"
    rxjs "^5.4.2"
    stream-to-observable "^0.2.0"
    strip-ansi "^3.0.1"

lodash.camelcase@^4.3.0:
  version "4.3.0"
  resolved "https://registry.yarnpkg.com/lodash.camelcase/-/lodash.camelcase-4.3.0.tgz#b28aa6288a2b9fc651035c7711f65ab6190331a6"

lodash.omit@^4.5.0:
  version "4.5.0"
  resolved "https://registry.yarnpkg.com/lodash.omit/-/lodash.omit-4.5.0.tgz#6eb19ae5a1ee1dd9df0b969e66ce0b7fa30b5e60"

lodash.padend@^4.6.1:
  version "4.6.1"
  resolved "https://registry.yarnpkg.com/lodash.padend/-/lodash.padend-4.6.1.tgz#53ccba047d06e158d311f45da625f4e49e6f166e"

lodash.pick@^4.4.0:
  version "4.4.0"
  resolved "https://registry.yarnpkg.com/lodash.pick/-/lodash.pick-4.4.0.tgz#52f05610fff9ded422611441ed1fc123a03001b3"

lodash@^4.17.4:
  version "4.17.4"
  resolved "https://registry.yarnpkg.com/lodash/-/lodash-4.17.4.tgz#78203a4d1c328ae1d86dca6460e369b57f4055ae"

log-symbols@^1.0.2:
  version "1.0.2"
  resolved "https://registry.yarnpkg.com/log-symbols/-/log-symbols-1.0.2.tgz#376ff7b58ea3086a0f09facc74617eca501e1a18"
  dependencies:
    chalk "^1.0.0"

log-symbols@^2.0.0:
  version "2.0.0"
  resolved "https://registry.yarnpkg.com/log-symbols/-/log-symbols-2.0.0.tgz#595e63be4d5c8cbf294a9e09e0d5629f5913fc0c"
  dependencies:
    chalk "^2.0.1"

log-update@^1.0.2:
  version "1.0.2"
  resolved "https://registry.yarnpkg.com/log-update/-/log-update-1.0.2.tgz#19929f64c4093d2d2e7075a1dad8af59c296b8d1"
  dependencies:
    ansi-escapes "^1.0.0"
    cli-cursor "^1.0.2"

longest@^1.0.1:
  version "1.0.1"
  resolved "https://registry.yarnpkg.com/longest/-/longest-1.0.1.tgz#30a0b2da38f73770e8294a0d22e6625ed77d0097"

lru-cache@^4.0.1:
  version "4.1.1"
  resolved "https://registry.yarnpkg.com/lru-cache/-/lru-cache-4.1.1.tgz#622e32e82488b49279114a4f9ecf45e7cd6bba55"
  dependencies:
    pseudomap "^1.0.2"
    yallist "^2.1.2"

marked@^0.3.12:
  version "0.3.12"
  resolved "https://registry.yarnpkg.com/marked/-/marked-0.3.12.tgz#7cf25ff2252632f3fe2406bde258e94eee927519"

marked@~0.3.6:
  version "0.3.6"
  resolved "https://registry.yarnpkg.com/marked/-/marked-0.3.6.tgz#b2c6c618fccece4ef86c4fc6cb8a7cbf5aeda8d7"

minimatch@^3.0.0, minimatch@^3.0.4:
  version "3.0.4"
  resolved "https://registry.yarnpkg.com/minimatch/-/minimatch-3.0.4.tgz#5166e286457f03306064be5497e8dbb0c3d32083"
  dependencies:
    brace-expansion "^1.1.7"

minimist@0.0.8:
  version "0.0.8"
  resolved "https://registry.yarnpkg.com/minimist/-/minimist-0.0.8.tgz#857fcabfc3397d2625b8228262e86aa7a011b05d"

minimist@~0.0.1:
  version "0.0.10"
  resolved "https://registry.yarnpkg.com/minimist/-/minimist-0.0.10.tgz#de3f98543dbf96082be48ad1a0c7cda836301dcf"

mkdirp2@^1.0.3:
  version "1.0.3"
  resolved "https://registry.yarnpkg.com/mkdirp2/-/mkdirp2-1.0.3.tgz#cc8dd8265f1f06e2d8f5b10b6e52f4e050bed21b"

mkdirp@~0.5.1:
  version "0.5.1"
  resolved "https://registry.yarnpkg.com/mkdirp/-/mkdirp-0.5.1.tgz#30057438eac6cf7f8c4767f38648d6697d75c903"
  dependencies:
    minimist "0.0.8"

ms@2.0.0:
  version "2.0.0"
  resolved "https://registry.yarnpkg.com/ms/-/ms-2.0.0.tgz#5608aeadfc00be6c2901df5f9861788de0d597c8"

normalize-path@^1.0.0:
  version "1.0.0"
  resolved "https://registry.yarnpkg.com/normalize-path/-/normalize-path-1.0.0.tgz#32d0e472f91ff345701c15a8311018d3b0a90379"

npm-path@^2.0.2:
  version "2.0.3"
  resolved "https://registry.yarnpkg.com/npm-path/-/npm-path-2.0.3.tgz#15cff4e1c89a38da77f56f6055b24f975dfb2bbe"
  dependencies:
    which "^1.2.10"

npm-run-path@^2.0.0:
  version "2.0.2"
  resolved "https://registry.yarnpkg.com/npm-run-path/-/npm-run-path-2.0.2.tgz#35a9232dfa35d7067b4cb2ddf2357b1871536c5f"
  dependencies:
    path-key "^2.0.0"

npm-which@^3.0.1:
  version "3.0.1"
  resolved "https://registry.yarnpkg.com/npm-which/-/npm-which-3.0.1.tgz#9225f26ec3a285c209cae67c3b11a6b4ab7140aa"
  dependencies:
    commander "^2.9.0"
    npm-path "^2.0.2"
    which "^1.2.10"

number-is-nan@^1.0.0:
  version "1.0.1"
  resolved "https://registry.yarnpkg.com/number-is-nan/-/number-is-nan-1.0.1.tgz#097b602b53422a522c1afb8790318336941a011d"

object-assign@^4.0.1, object-assign@^4.1.0:
  version "4.1.1"
  resolved "https://registry.yarnpkg.com/object-assign/-/object-assign-4.1.1.tgz#2109adc7965887cfc05cbbd442cac8bfbb360863"

object-get@^2.1.0:
  version "2.1.0"
  resolved "https://registry.yarnpkg.com/object-get/-/object-get-2.1.0.tgz#722bbdb60039efa47cad3c6dc2ce51a85c02c5ae"

object-to-spawn-args@^1.1.1:
  version "1.1.1"
  resolved "https://registry.yarnpkg.com/object-to-spawn-args/-/object-to-spawn-args-1.1.1.tgz#77da8827f073d011c9e1b173f895781470246785"

once@^1.3.0:
  version "1.4.0"
  resolved "https://registry.yarnpkg.com/once/-/once-1.4.0.tgz#583b1aa775961d4b113ac17d9c50baef9dd76bd1"
  dependencies:
    wrappy "1"

onetime@^1.0.0:
  version "1.1.0"
  resolved "https://registry.yarnpkg.com/onetime/-/onetime-1.1.0.tgz#a1f7838f8314c516f05ecefcbc4ccfe04b4ed789"

optimist@^0.6.1:
  version "0.6.1"
  resolved "https://registry.yarnpkg.com/optimist/-/optimist-0.6.1.tgz#da3ea74686fa21a19a111c326e90eb15a0196686"
  dependencies:
    minimist "~0.0.1"
    wordwrap "~0.0.2"

ora@^0.2.3:
  version "0.2.3"
  resolved "https://registry.yarnpkg.com/ora/-/ora-0.2.3.tgz#37527d220adcd53c39b73571d754156d5db657a4"
  dependencies:
    chalk "^1.1.1"
    cli-cursor "^1.0.2"
    cli-spinners "^0.1.2"
    object-assign "^4.0.1"

p-finally@^1.0.0:
  version "1.0.0"
  resolved "https://registry.yarnpkg.com/p-finally/-/p-finally-1.0.0.tgz#3fbcfb15b899a44123b34b6dcc18b724336a2cae"

p-map@^1.1.1:
  version "1.1.1"
  resolved "https://registry.yarnpkg.com/p-map/-/p-map-1.1.1.tgz#05f5e4ae97a068371bc2a5cc86bfbdbc19c4ae7a"

parse-json@^4.0.0:
  version "4.0.0"
  resolved "https://registry.yarnpkg.com/parse-json/-/parse-json-4.0.0.tgz#be35f5425be1f7f6c747184f98a788cb99477ee0"
  dependencies:
    error-ex "^1.3.1"
    json-parse-better-errors "^1.0.1"

path-is-absolute@^1.0.0:
  version "1.0.1"
  resolved "https://registry.yarnpkg.com/path-is-absolute/-/path-is-absolute-1.0.1.tgz#174b9268735534ffbc7ace6bf53a5a9e1b5c5f5f"

path-is-inside@^1.0.2:
  version "1.0.2"
  resolved "https://registry.yarnpkg.com/path-is-inside/-/path-is-inside-1.0.2.tgz#365417dede44430d1c11af61027facf074bdfc53"

path-key@^2.0.0:
  version "2.0.1"
  resolved "https://registry.yarnpkg.com/path-key/-/path-key-2.0.1.tgz#411cadb574c5a140d3a4b1910d40d80cc9f40b40"

pify@^3.0.0:
  version "3.0.0"
  resolved "https://registry.yarnpkg.com/pify/-/pify-3.0.0.tgz#e5a4acd2c101fdf3d9a4d07f0dbc4db49dd28176"

prettier@^1.10.2:
  version "1.10.2"
  resolved "https://registry.yarnpkg.com/prettier/-/prettier-1.10.2.tgz#1af8356d1842276a99a5b5529c82dd9e9ad3cc93"

pretty-format@^21.2.1:
  version "21.2.1"
  resolved "https://registry.yarnpkg.com/pretty-format/-/pretty-format-21.2.1.tgz#ae5407f3cf21066cd011aa1ba5fce7b6a2eddb36"
  dependencies:
    ansi-regex "^3.0.0"
    ansi-styles "^3.2.0"

pseudomap@^1.0.2:
  version "1.0.2"
  resolved "https://registry.yarnpkg.com/pseudomap/-/pseudomap-1.0.2.tgz#f052a28da70e618917ef0a8ac34c1ae5a68286b3"

reduce-extract@^1.0.0:
  version "1.0.0"
  resolved "https://registry.yarnpkg.com/reduce-extract/-/reduce-extract-1.0.0.tgz#67f2385beda65061b5f5f4312662e8b080ca1525"
  dependencies:
    test-value "^1.0.1"

reduce-flatten@^1.0.1:
  version "1.0.1"
  resolved "https://registry.yarnpkg.com/reduce-flatten/-/reduce-flatten-1.0.1.tgz#258c78efd153ddf93cb561237f61184f3696e327"

reduce-unique@^1.0.0:
  version "1.0.0"
  resolved "https://registry.yarnpkg.com/reduce-unique/-/reduce-unique-1.0.0.tgz#7e586bcf87a4e32b6d7abd8277fad6cdec9f4803"

reduce-without@^1.0.1:
  version "1.0.1"
  resolved "https://registry.yarnpkg.com/reduce-without/-/reduce-without-1.0.1.tgz#68ad0ead11855c9a37d4e8256c15bbf87972fc8c"
  dependencies:
    test-value "^2.0.0"

repeat-string@^1.5.2:
  version "1.6.1"
  resolved "https://registry.yarnpkg.com/repeat-string/-/repeat-string-1.6.1.tgz#8dcae470e1c88abc2d600fff4a776286da75e637"

repeating@^2.0.0:
  version "2.0.1"
  resolved "https://registry.yarnpkg.com/repeating/-/repeating-2.0.1.tgz#5214c53a926d3552707527fbab415dbc08d06dda"
  dependencies:
    is-finite "^1.0.0"

require-from-string@^2.0.1:
  version "2.0.1"
  resolved "https://registry.yarnpkg.com/require-from-string/-/require-from-string-2.0.1.tgz#c545233e9d7da6616e9d59adfb39fc9f588676ff"

requizzle@~0.2.1:
  version "0.2.1"
  resolved "https://registry.yarnpkg.com/requizzle/-/requizzle-0.2.1.tgz#6943c3530c4d9a7e46f1cddd51c158fc670cdbde"
  dependencies:
    underscore "~1.6.0"

restore-cursor@^1.0.1:
  version "1.0.1"
  resolved "https://registry.yarnpkg.com/restore-cursor/-/restore-cursor-1.0.1.tgz#34661f46886327fed2991479152252df92daa541"
  dependencies:
    exit-hook "^1.0.0"
    onetime "^1.0.0"

right-align@^0.1.1:
  version "0.1.3"
  resolved "https://registry.yarnpkg.com/right-align/-/right-align-0.1.3.tgz#61339b722fe6a3515689210d24e14c96148613ef"
  dependencies:
    align-text "^0.1.1"

rxjs@^5.4.2:
  version "5.5.6"
  resolved "https://registry.yarnpkg.com/rxjs/-/rxjs-5.5.6.tgz#e31fb96d6fd2ff1fd84bcea8ae9c02d007179c02"
  dependencies:
    symbol-observable "1.0.1"

shebang-command@^1.2.0:
  version "1.2.0"
  resolved "https://registry.yarnpkg.com/shebang-command/-/shebang-command-1.2.0.tgz#44aac65b695b03398968c39f363fee5deafdf1ea"
  dependencies:
    shebang-regex "^1.0.0"

shebang-regex@^1.0.0:
  version "1.0.0"
  resolved "https://registry.yarnpkg.com/shebang-regex/-/shebang-regex-1.0.0.tgz#da42f49740c0b42db2ca9728571cb190c98efea3"

signal-exit@^3.0.0:
  version "3.0.2"
  resolved "https://registry.yarnpkg.com/signal-exit/-/signal-exit-3.0.2.tgz#b5fdc08f1287ea1178628e415e25132b73646c6d"

slice-ansi@0.0.4:
  version "0.0.4"
  resolved "https://registry.yarnpkg.com/slice-ansi/-/slice-ansi-0.0.4.tgz#edbf8903f66f7ce2f8eafd6ceed65e264c831b35"

sort-array@^2.0.0:
  version "2.0.0"
  resolved "https://registry.yarnpkg.com/sort-array/-/sort-array-2.0.0.tgz#38a9c6da27fd7d147b42e60554f281187b4df472"
  dependencies:
    array-back "^1.0.4"
    object-get "^2.1.0"
    typical "^2.6.0"

source-map@^0.4.4:
  version "0.4.4"
  resolved "https://registry.yarnpkg.com/source-map/-/source-map-0.4.4.tgz#eba4f5da9c0dc999de68032d8b4f76173652036b"
  dependencies:
    amdefine ">=0.0.4"

source-map@~0.5.1:
  version "0.5.7"
  resolved "https://registry.yarnpkg.com/source-map/-/source-map-0.5.7.tgz#8a039d2d1021d22d1ea14c80d8ea468ba2ef3fcc"

sprintf-js@~1.0.2:
  version "1.0.3"
  resolved "https://registry.yarnpkg.com/sprintf-js/-/sprintf-js-1.0.3.tgz#04e6926f662895354f3dd015203633b857297e2c"

staged-git-files@0.0.4:
  version "0.0.4"
  resolved "https://registry.yarnpkg.com/staged-git-files/-/staged-git-files-0.0.4.tgz#d797e1b551ca7a639dec0237dc6eb4bb9be17d35"

stream-connect@^1.0.2:
  version "1.0.2"
  resolved "https://registry.yarnpkg.com/stream-connect/-/stream-connect-1.0.2.tgz#18bc81f2edb35b8b5d9a8009200a985314428a97"
  dependencies:
    array-back "^1.0.2"

stream-to-observable@^0.2.0:
  version "0.2.0"
  resolved "https://registry.yarnpkg.com/stream-to-observable/-/stream-to-observable-0.2.0.tgz#59d6ea393d87c2c0ddac10aa0d561bc6ba6f0e10"
  dependencies:
    any-observable "^0.2.0"

stream-via@^1.0.4:
  version "1.0.4"
  resolved "https://registry.yarnpkg.com/stream-via/-/stream-via-1.0.4.tgz#8dccbb0ac909328eb8bc8e2a4bd3934afdaf606c"

string-width@^1.0.1:
  version "1.0.2"
  resolved "https://registry.yarnpkg.com/string-width/-/string-width-1.0.2.tgz#118bdf5b8cdc51a2a7e70d211e07e2b0b9b107d3"
  dependencies:
    code-point-at "^1.0.0"
    is-fullwidth-code-point "^1.0.0"
    strip-ansi "^3.0.0"

stringify-object@^3.2.0:
  version "3.2.0"
  resolved "https://registry.yarnpkg.com/stringify-object/-/stringify-object-3.2.0.tgz#94370a135e41bc048358813bf99481f1315c6aa6"
  dependencies:
    get-own-enumerable-property-symbols "^1.0.1"
    is-obj "^1.0.1"
    is-regexp "^1.0.0"

strip-ansi@^3.0.0, strip-ansi@^3.0.1:
  version "3.0.1"
  resolved "https://registry.yarnpkg.com/strip-ansi/-/strip-ansi-3.0.1.tgz#6a385fb8853d952d5ff05d0e8aaf94278dc63dcf"
  dependencies:
    ansi-regex "^2.0.0"

strip-eof@^1.0.0:
  version "1.0.0"
  resolved "https://registry.yarnpkg.com/strip-eof/-/strip-eof-1.0.0.tgz#bb43ff5598a6eb05d89b59fcd129c983313606bf"

strip-indent@^2.0.0:
  version "2.0.0"
  resolved "https://registry.yarnpkg.com/strip-indent/-/strip-indent-2.0.0.tgz#5ef8db295d01e6ed6cbf7aab96998d7822527b68"

strip-json-comments@~2.0.1:
  version "2.0.1"
  resolved "https://registry.yarnpkg.com/strip-json-comments/-/strip-json-comments-2.0.1.tgz#3c531942e908c2697c0ec344858c286c7ca0a60a"

supports-color@^2.0.0:
  version "2.0.0"
  resolved "https://registry.yarnpkg.com/supports-color/-/supports-color-2.0.0.tgz#535d045ce6b6363fa40117084629995e9df324c7"

supports-color@^4.0.0:
  version "4.4.0"
  resolved "https://registry.yarnpkg.com/supports-color/-/supports-color-4.4.0.tgz#883f7ddabc165142b2a61427f3352ded195d1a3e"
  dependencies:
    has-flag "^2.0.0"

symbol-observable@1.0.1:
  version "1.0.1"
  resolved "https://registry.yarnpkg.com/symbol-observable/-/symbol-observable-1.0.1.tgz#8340fc4702c3122df5d22288f88283f513d3fdd4"

symbol-observable@^0.2.2:
  version "0.2.4"
  resolved "https://registry.yarnpkg.com/symbol-observable/-/symbol-observable-0.2.4.tgz#95a83db26186d6af7e7a18dbd9760a2f86d08f40"

table-layout@^0.4.2:
  version "0.4.2"
  resolved "https://registry.yarnpkg.com/table-layout/-/table-layout-0.4.2.tgz#10e9043c142a1e2d155da7257e478f0ef4981786"
  dependencies:
    array-back "^2.0.0"
    deep-extend "~0.5.0"
    lodash.padend "^4.6.1"
    typical "^2.6.1"
    wordwrapjs "^3.0.0"

taffydb@2.6.2:
  version "2.6.2"
  resolved "https://registry.yarnpkg.com/taffydb/-/taffydb-2.6.2.tgz#7cbcb64b5a141b6a2efc2c5d2c67b4e150b2a268"

temp-path@^1.0.0:
  version "1.0.0"
  resolved "https://registry.yarnpkg.com/temp-path/-/temp-path-1.0.0.tgz#24b1543973ab442896d9ad367dd9cbdbfafe918b"

test-value@^1.0.1:
  version "1.1.0"
  resolved "https://registry.yarnpkg.com/test-value/-/test-value-1.1.0.tgz#a09136f72ec043d27c893707c2b159bfad7de93f"
  dependencies:
    array-back "^1.0.2"
    typical "^2.4.2"

test-value@^2.0.0:
  version "2.1.0"
  resolved "https://registry.yarnpkg.com/test-value/-/test-value-2.1.0.tgz#11da6ff670f3471a73b625ca4f3fdcf7bb748291"
  dependencies:
    array-back "^1.0.3"
    typical "^2.6.0"

test-value@^3.0.0:
  version "3.0.0"
  resolved "https://registry.yarnpkg.com/test-value/-/test-value-3.0.0.tgz#9168c062fab11a86b8d444dd968bb4b73851ce92"
  dependencies:
    array-back "^2.0.0"
    typical "^2.6.1"

typical@^2.4.2, typical@^2.6.0, typical@^2.6.1:
  version "2.6.1"
  resolved "https://registry.yarnpkg.com/typical/-/typical-2.6.1.tgz#5c080e5d661cbbe38259d2e70a3c7253e873881d"

uglify-js@^2.6:
  version "2.8.29"
  resolved "https://registry.yarnpkg.com/uglify-js/-/uglify-js-2.8.29.tgz#29c5733148057bb4e1f75df35b7a9cb72e6a59dd"
  dependencies:
    source-map "~0.5.1"
    yargs "~3.10.0"
  optionalDependencies:
    uglify-to-browserify "~1.0.0"

uglify-to-browserify@~1.0.0:
  version "1.0.2"
  resolved "https://registry.yarnpkg.com/uglify-to-browserify/-/uglify-to-browserify-1.0.2.tgz#6e0924d6bda6b5afe349e39a6d632850a0f882b7"

underscore-contrib@~0.3.0:
  version "0.3.0"
  resolved "https://registry.yarnpkg.com/underscore-contrib/-/underscore-contrib-0.3.0.tgz#665b66c24783f8fa2b18c9f8cbb0e2c7d48c26c7"
  dependencies:
    underscore "1.6.0"

underscore@1.6.0, underscore@~1.6.0:
  version "1.6.0"
  resolved "https://registry.yarnpkg.com/underscore/-/underscore-1.6.0.tgz#8b38b10cacdef63337b8b24e4ff86d45aea529a8"

underscore@~1.8.3:
  version "1.8.3"
  resolved "https://registry.yarnpkg.com/underscore/-/underscore-1.8.3.tgz#4f3fb53b106e6097fcf9cb4109f2a5e9bdfa5022"

walk-back@^2.0.1:
  version "2.0.1"
  resolved "https://registry.yarnpkg.com/walk-back/-/walk-back-2.0.1.tgz#554e2a9d874fac47a8cb006bf44c2f0c4998a0a4"

walk-back@^3.0.0:
  version "3.0.0"
  resolved "https://registry.yarnpkg.com/walk-back/-/walk-back-3.0.0.tgz#2358787a35da91032dad5e92f80b12370d8795c5"

which@^1.2.10, which@^1.2.9:
  version "1.3.0"
  resolved "https://registry.yarnpkg.com/which/-/which-1.3.0.tgz#ff04bdfc010ee547d780bec38e1ac1c2777d253a"
  dependencies:
    isexe "^2.0.0"

window-size@0.1.0:
  version "0.1.0"
  resolved "https://registry.yarnpkg.com/window-size/-/window-size-0.1.0.tgz#5438cd2ea93b202efa3a19fe8887aee7c94f9c9d"

wordwrap@0.0.2:
  version "0.0.2"
  resolved "https://registry.yarnpkg.com/wordwrap/-/wordwrap-0.0.2.tgz#b79669bb42ecb409f83d583cad52ca17eaa1643f"

wordwrap@~0.0.2:
  version "0.0.3"
  resolved "https://registry.yarnpkg.com/wordwrap/-/wordwrap-0.0.3.tgz#a3d5da6cd5c0bc0008d37234bbaf1bed63059107"

wordwrapjs@^3.0.0:
  version "3.0.0"
  resolved "https://registry.yarnpkg.com/wordwrapjs/-/wordwrapjs-3.0.0.tgz#c94c372894cadc6feb1a66bff64e1d9af92c5d1e"
  dependencies:
    reduce-flatten "^1.0.1"
    typical "^2.6.1"

wrappy@1:
  version "1.0.2"
  resolved "https://registry.yarnpkg.com/wrappy/-/wrappy-1.0.2.tgz#b5243d8f3ec1aa35f1364605bc0d1036e30ab69f"

xmlcreate@^1.0.1:
  version "1.0.2"
  resolved "https://registry.yarnpkg.com/xmlcreate/-/xmlcreate-1.0.2.tgz#fa6bf762a60a413fb3dd8f4b03c5b269238d308f"

yallist@^2.1.2:
  version "2.1.2"
  resolved "https://registry.yarnpkg.com/yallist/-/yallist-2.1.2.tgz#1c11f9218f076089a47dd512f93c6699a6a81d52"

yargs@~3.10.0:
  version "3.10.0"
  resolved "https://registry.yarnpkg.com/yargs/-/yargs-3.10.0.tgz#f7ee7bd857dd7c1d2d38c0e74efbd681d1431fd1"
  dependencies:
    camelcase "^1.0.2"
    cliui "^2.1.0"
    decamelize "^1.0.0"
    window-size "0.1.0"
